
Microsoft Visual Studio Solution File, Format Version 12.00
# Visual Studio Version 17
VisualStudioVersion = 17.4.33213.308
MinimumVisualStudioVersion = 10.0.40219.1
Project("{FAE04EC0-301F-11D3-BF4B-00C04F79EFBC}") = "CoreLib", "CoreLib\CoreLib.csproj", "{D67213EB-D6BC-47B1-952C-60B0DB1FEF60}"
EndProject
Project("{FAE04EC0-301F-11D3-BF4B-00C04F79EFBC}") = "CoreLibTest", "CoreLibTest\CoreLibTest.csproj", "{767018F2-4241-4645-961F-3F9A7D487081}"
EndProject
Global
	GlobalSection(SolutionConfigurationPlatforms) = preSolution
		Debug|Any CPU = Debug|Any CPU
		Release|Any CPU = Release|Any CPU
	EndGlobalSection
	GlobalSection(ProjectConfigurationPlatforms) = postSolution
		{D67213EB-D6BC-47B1-952C-60B0DB1FEF60}.Debug|Any CPU.ActiveCfg = Debug|Any CPU
		{D67213EB-D6BC-47B1-952C-60B0DB1FEF60}.Debug|Any CPU.Build.0 = Debug|Any CPU
		{D67213EB-D6BC-47B1-952C-60B0DB1FEF60}.Release|Any CPU.ActiveCfg = Release|Any CPU
		{D67213EB-D6BC-47B1-952C-60B0DB1FEF60}.Release|Any CPU.Build.0 = Release|Any CPU
		{767018F2-4241-4645-961F-3F9A7D487081}.Debug|Any CPU.ActiveCfg = Debug|Any CPU
		{767018F2-4241-4645-961F-3F9A7D487081}.Debug|Any CPU.Build.0 = Debug|Any CPU
		{767018F2-4241-4645-961F-3F9A7D487081}.Release|Any CPU.ActiveCfg = Release|Any CPU
		{767018F2-4241-4645-961F-3F9A7D487081}.Release|Any CPU.Build.0 = Release|Any CPU
	EndGlobalSection
	GlobalSection(SolutionProperties) = preSolution
		HideSolutionNode = FALSE
	EndGlobalSection
	GlobalSection(ExtensibilityGlobals) = postSolution
		SolutionGuid = {18B57A05-D1C0-4DBB-AEA0-E2D63563FD96}
	EndGlobalSection
EndGlobal
